// !$*UTF8*$!
{
	archiveVersion = 1;
	classes = {
	};
	objectVersion = 55;
	objects = {

/* Begin PBXBuildFile section */
		AD40CE3C2799086F00411785 /* ContentsRelatedViews.swift in Sources */ = {isa = PBXBuildFile; fileRef = AD40CE3B2799086F00411785 /* ContentsRelatedViews.swift */; };
		AD445B74278D375400F6BF80 /* swiftuidemoApp.swift in Sources */ = {isa = PBXBuildFile; fileRef = AD445B73278D375400F6BF80 /* swiftuidemoApp.swift */; };
		AD445B76278D375400F6BF80 /* ControlRelatedViews.swift in Sources */ = {isa = PBXBuildFile; fileRef = AD445B75278D375400F6BF80 /* ControlRelatedViews.swift */; };
		AD445B78278D375600F6BF80 /* Assets.xcassets in Resources */ = {isa = PBXBuildFile; fileRef = AD445B77278D375600F6BF80 /* Assets.xcassets */; };
		AD445B7B278D375600F6BF80 /* Preview Assets.xcassets in Resources */ = {isa = PBXBuildFile; fileRef = AD445B7A278D375600F6BF80 /* Preview Assets.xcassets */; };
		AD4CBDEA2796A02D006F6847 /* ShapeRelatedView.swift in Sources */ = {isa = PBXBuildFile; fileRef = AD4CBDE92796A02D006F6847 /* ShapeRelatedView.swift */; };
		ADF5DB7727911764006B7FCD /* HierachyRelatedViews.swift in Sources */ = {isa = PBXBuildFile; fileRef = ADF5DB7627911764006B7FCD /* HierachyRelatedViews.swift */; };
/* End PBXBuildFile section */

/* Begin PBXFileReference section */
		AD40CE3B2799086F00411785 /* ContentsRelatedViews.swift */ = {isa = PBXFileReference; lastKnownFileType = sourcecode.swift; path = ContentsRelatedViews.swift; sourceTree = "<group>"; };
		AD445B70278D375400F6BF80 /* swiftuidemo.app */ = {isa = PBXFileReference; explicitFileType = wrapper.application; includeInIndex = 0; path = swiftuidemo.app; sourceTree = BUILT_PRODUCTS_DIR; };
		AD445B73278D375400F6BF80 /* swiftuidemoApp.swift */ = {isa = PBXFileReference; lastKnownFileType = sourcecode.swift; path = swiftuidemoApp.swift; sourceTree = "<group>"; };
		AD445B75278D375400F6BF80 /* ControlRelatedViews.swift */ = {isa = PBXFileReference; lastKnownFileType = sourcecode.swift; path = ControlRelatedViews.swift; sourceTree = "<group>"; };
		AD445B77278D375600F6BF80 /* Assets.xcassets */ = {isa = PBXFileReference; lastKnownFileType = folder.assetcatalog; path = Assets.xcassets; sourceTree = "<group>"; };
		AD445B7A278D375600F6BF80 /* Preview Assets.xcassets */ = {isa = PBXFileReference; lastKnownFileType = folder.assetcatalog; path = "Preview Assets.xcassets"; sourceTree = "<group>"; };
		AD4CBDE92796A02D006F6847 /* ShapeRelatedView.swift */ = {isa = PBXFileReference; lastKnownFileType = sourcecode.swift; path = ShapeRelatedView.swift; sourceTree = "<group>"; };
		ADF5DB7627911764006B7FCD /* HierachyRelatedViews.swift */ = {isa = PBXFileReference; lastKnownFileType = sourcecode.swift; path = HierachyRelatedViews.swift; sourceTree = "<group>"; };
/* End PBXFileReference section */

/* Begin PBXFrameworksBuildPhase section */
		AD445B6D278D375400F6BF80 /* Frameworks */ = {
			isa = PBXFrameworksBuildPhase;
			buildActionMask = 2147483647;
			files = (
			);
			runOnlyForDeploymentPostprocessing = 0;
		};
/* End PBXFrameworksBuildPhase section */

/* Begin PBXGroup section */
		AD445B67278D375400F6BF80 = {
			isa = PBXGroup;
			children = (
				AD445B72278D375400F6BF80 /* swiftuidemo */,
				AD445B71278D375400F6BF80 /* Products */,
			);
			sourceTree = "<group>";
		};
		AD445B71278D375400F6BF80 /* Products */ = {
			isa = PBXGroup;
			children = (
				AD445B70278D375400F6BF80 /* swiftuidemo.app */,
			);
			name = Products;
			sourceTree = "<group>";
		};
		AD445B72278D375400F6BF80 /* swiftuidemo */ = {
			isa = PBXGroup;
			children = (
				AD445B73278D375400F6BF80 /* swiftuidemoApp.swift */,
				AD445B75278D375400F6BF80 /* ControlRelatedViews.swift */,
				ADF5DB7627911764006B7FCD /* HierachyRelatedViews.swift */,
				AD40CE3B2799086F00411785 /* ContentsRelatedViews.swift */,
				AD4CBDE92796A02D006F6847 /* ShapeRelatedView.swift */,
				AD445B77278D375600F6BF80 /* Assets.xcassets */,
				AD445B79278D375600F6BF80 /* Preview Content */,
			);
			path = swiftuidemo;
			sourceTree = "<group>";
		};
		AD445B79278D375600F6BF80 /* Preview Content */ = {
			isa = PBXGroup;
			children = (
				AD445B7A278D375600F6BF80 /* Preview Assets.xcassets */,
			);
			path = "Preview Content";
			sourceTree = "<group>";
		};
/* End PBXGroup section */

/* Begin PBXNativeTarget section */
		AD445B6F278D375400F6BF80 /* swiftuidemo */ = {
			isa = PBXNativeTarget;
			buildConfigurationList = AD445B7E278D375600F6BF80 /* Build configuration list for PBXNativeTarget "swiftuidemo" */;
			buildPhases = (
				AD445B6C278D375400F6BF80 /* Sources */,
				AD445B6D278D375400F6BF80 /* Frameworks */,
				AD445B6E278D375400F6BF80 /* Resources */,
			);
			buildRules = (
			);
			dependencies = (
			);
			name = swiftuidemo;
			productName = swiftuidemo;
			productReference = AD445B70278D375400F6BF80 /* swiftuidemo.app */;
			productType = "com.apple.product-type.application";
		};
/* End PBXNativeTarget section */

/* Begin PBXProject section */
		AD445B68278D375400F6BF80 /* Project object */ = {
			isa = PBXProject;
			attributes = {
				BuildIndependentTargetsInParallel = 1;
				LastSwiftUpdateCheck = 1310;
				LastUpgradeCheck = 1310;
				TargetAttributes = {
					AD445B6F278D375400F6BF80 = {
						CreatedOnToolsVersion = 13.1;
					};
				};
			};
			buildConfigurationList = AD445B6B278D375400F6BF80 /* Build configuration list for PBXProject "swiftuidemo" */;
			compatibilityVersion = "Xcode 13.0";
			developmentRegion = en;
			hasScannedForEncodings = 0;
			knownRegions = (
				en,
				Base,
			);
			mainGroup = AD445B67278D375400F6BF80;
			productRefGroup = AD445B71278D375400F6BF80 /* Products */;
			projectDirPath = "";
			projectRoot = "";
			targets = (
				AD445B6F278D375400F6BF80 /* swiftuidemo */,
			);
		};
/* End PBXProject section */

/* Begin PBXResourcesBuildPhase section */
		AD445B6E278D375400F6BF80 /* Resources */ = {
			isa = PBXResourcesBuildPhase;
			buildActionMask = 2147483647;
			files = (
				AD445B7B278D375600F6BF80 /* Preview Assets.xcassets in Resources */,
				AD445B78278D375600F6BF80 /* Assets.xcassets in Resources */,
			);
			runOnlyForDeploymentPostprocessing = 0;
		};
/* End PBXResourcesBuildPhase section */

/* Begin PBXSourcesBuildPhase section */
		AD445B6C278D375400F6BF80 /* Sources */ = {
			isa = PBXSourcesBuildPhase;
			buildActionMask = 2147483647;
			files = (
				AD40CE3C2799086F00411785 /* ContentsRelatedViews.swift in Sources */,
				ADF5DB7727911764006B7FCD /* HierachyRelatedViews.swift in Sources */,
				AD445B76278D375400F6BF80 /* ControlRelatedViews.swift in Sources */,
				AD4CBDEA2796A02D006F6847 /* ShapeRelatedView.swift in Sources */,
				AD445B74278D375400F6BF80 /* swiftuidemoApp.swift in Sources */,
			);
			runOnlyForDeploymentPostprocessing = 0;
		};
/* End PBXSourcesBuildPhase section */

/* Begin XCBuildConfiguration section */
		AD445B7C278D375600F6BF80 /* Debug */ = {
			isa = XCBuildConfiguration;
			buildSettings = {
				ALWAYS_SEARCH_USER_PATHS = NO;
				CLANG_ANALYZER_NONNULL = YES;
				CLANG_ANALYZER_NUMBER_OBJECT_CONVERSION = YES_AGGRESSIVE;
				CLANG_CXX_LANGUAGE_STANDARD = "gnu++17";
				CLANG_CXX_LIBRARY = "libc++";
				CLANG_ENABLE_MODULES = YES;
				CLANG_ENABLE_OBJC_ARC = YES;
				CLANG_ENABLE_OBJC_WEAK = YES;
				CLANG_WARN_BLOCK_CAPTURE_AUTORELEASING = YES;
				CLANG_WARN_BOOL_CONVERSION = YES;
				CLANG_WARN_COMMA = YES;
				CLANG_WARN_CONSTANT_CONVERSION = YES;
				CLANG_WARN_DEPRECATED_OBJC_IMPLEMENTATIONS = YES;
				CLANG_WARN_DIRECT_OBJC_ISA_USAGE = YES_ERROR;
				CLANG_WARN_DOCUMENTATION_COMMENTS = YES;
				CLANG_WARN_EMPTY_BODY = YES;
				CLANG_WARN_ENUM_CONVERSION = YES;
				CLANG_WARN_INFINITE_RECURSION = YES;
				CLANG_WARN_INT_CONVERSION = YES;
				CLANG_WARN_NON_LITERAL_NULL_CONVERSION = YES;
				CLANG_WARN_OBJC_IMPLICIT_RETAIN_SELF = YES;
				CLANG_WARN_OBJC_LITERAL_CONVERSION = YES;
				CLANG_WARN_OBJC_ROOT_CLASS = YES_ERROR;
				CLANG_WARN_QUOTED_INCLUDE_IN_FRAMEWORK_HEADER = YES;
				CLANG_WARN_RANGE_LOOP_ANALYSIS = YES;
				CLANG_WARN_STRICT_PROTOTYPES = YES;
				CLANG_WARN_SUSPICIOUS_MOVE = YES;
				CLANG_WARN_UNGUARDED_AVAILABILITY = YES_AGGRESSIVE;
				CLANG_WARN_UNREACHABLE_CODE = YES;
				CLANG_WARN__DUPLICATE_METHOD_MATCH = YES;
				COPY_PHASE_STRIP = NO;
				DEBUG_INFORMATION_FORMAT = dwarf;
				ENABLE_STRICT_OBJC_MSGSEND = YES;
				ENABLE_TESTABILITY = YES;
				GCC_C_LANGUAGE_STANDARD = gnu11;
				GCC_DYNAMIC_NO_PIC = NO;
				GCC_NO_COMMON_BLOCKS = YES;
				GCC_OPTIMIZATION_LEVEL = 0;
				GCC_PREPROCESSOR_DEFINITIONS = (
					"DEBUG=1",
					"$(inherited)",
				);
				GCC_WARN_64_TO_32_BIT_CONVERSION = YES;
				GCC_WARN_ABOUT_RETURN_TYPE = YES_ERROR;
				GCC_WARN_UNDECLARED_SELECTOR = YES;
				GCC_WARN_UNINITIALIZED_AUTOS = YES_AGGRESSIVE;
				GCC_WARN_UNUSED_FUNCTION = YES;
				GCC_WARN_UNUSED_VARIABLE = YES;
				IPHONEOS_DEPLOYMENT_TARGET = 15.0;
				MTL_ENABLE_DEBUG_INFO = INCLUDE_SOURCE;
				MTL_FAST_MATH = YES;
				ONLY_ACTIVE_ARCH = YES;
				SDKROOT = iphoneos;
				SWIFT_ACTIVE_COMPILATION_CONDITIONS = DEBUG;
				SWIFT_OPTIMIZATION_LEVEL = "-Onone";
			};
			name = Debug;
		};
		AD445B7D278D375600F6BF80 /* Release */ = {
			isa = XCBuildConfiguration;
			buildSettings = {
				ALWAYS_SEARCH_USER_PATHS = NO;
				CLANG_ANALYZER_NONNULL = YES;
				CLANG_ANALYZER_NUMBER_OBJECT_CONVERSION = YES_AGGRESSIVE;
				CLANG_CXX_LANGUAGE_STANDARD = "gnu++17";
				CLANG_CXX_LIBRARY = "libc++";
				CLANG_ENABLE_MODULES = YES;
				CLANG_ENABLE_OBJC_ARC = YES;
				CLANG_ENABLE_OBJC_WEAK = YES;
				CLANG_WARN_BLOCK_CAPTURE_AUTORELEASING = YES;
				CLANG_WARN_BOOL_CONVERSION = YES;
				CLANG_WARN_COMMA = YES;
				CLANG_WARN_CONSTANT_CONVERSION = YES;
				CLANG_WARN_DEPRECATED_OBJC_IMPLEMENTATIONS = YES;
				CLANG_WARN_DIRECT_OBJC_ISA_USAGE = YES_ERROR;
				CLANG_WARN_DOCUMENTATION_COMMENTS = YES;
				CLANG_WARN_EMPTY_BODY = YES;
				CLANG_WARN_ENUM_CONVERSION = YES;
				CLANG_WARN_INFINITE_RECURSION = YES;
				CLANG_WARN_INT_CONVERSION = YES;
				CLANG_WARN_NON_LITERAL_NULL_CONVERSION = YES;
				CLANG_WARN_OBJC_IMPLICIT_RETAIN_SELF = YES;
				CLANG_WARN_OBJC_LITERAL_CONVERSION = YES;
				CLANG_WARN_OBJC_ROOT_CLASS = YES_ERROR;
				CLANG_WARN_QUOTED_INCLUDE_IN_FRAMEWORK_HEADER = YES;
				CLANG_WARN_RANGE_LOOP_ANALYSIS = YES;
				CLANG_WARN_STRICT_PROTOTYPES = YES;
				CLANG_WARN_SUSPICIOUS_MOVE = YES;
				CLANG_WARN_UNGUARDED_AVAILABILITY = YES_AGGRESSIVE;
				CLANG_WARN_UNREACHABLE_CODE = YES;
				CLANG_WARN__DUPLICATE_METHOD_MATCH = YES;
				COPY_PHASE_STRIP = NO;
				DEBUG_INFORMATION_FORMAT = "dwarf-with-dsym";
				ENABLE_NS_ASSERTIONS = NO;
				ENABLE_STRICT_OBJC_MSGSEND = YES;
				GCC_C_LANGUAGE_STANDARD = gnu11;
				GCC_NO_COMMON_BLOCKS = YES;
				GCC_WARN_64_TO_32_BIT_CONVERSION = YES;
				GCC_WARN_ABOUT_RETURN_TYPE = YES_ERROR;
				GCC_WARN_UNDECLARED_SELECTOR = YES;
				GCC_WARN_UNINITIALIZED_AUTOS = YES_AGGRESSIVE;
				GCC_WARN_UNUSED_FUNCTION = YES;
				GCC_WARN_UNUSED_VARIABLE = YES;
				IPHONEOS_DEPLOYMENT_TARGET = 15.0;
				MTL_ENABLE_DEBUG_INFO = NO;
				MTL_FAST_MATH = YES;
				SDKROOT = iphoneos;
				SWIFT_COMPILATION_MODE = wholemodule;
				SWIFT_OPTIMIZATION_LEVEL = "-O";
				VALIDATE_PRODUCT = YES;
			};
			name = Release;
		};
		AD445B7F278D375600F6BF80 /* Debug */ = {
			isa = XCBuildConfiguration;
			buildSettings = {
				ASSETCATALOG_COMPILER_APPICON_NAME = AppIcon;
				ASSETCATALOG_COMPILER_GLOBAL_ACCENT_COLOR_NAME = AccentColor;
				CODE_SIGN_STYLE = Automatic;
				CURRENT_PROJECT_VERSION = 1;
				DEVELOPMENT_ASSET_PATHS = "\"swiftuidemo/Preview Content\"";
				ENABLE_PREVIEWS = YES;
				GENERATE_INFOPLIST_FILE = YES;
				INFOPLIST_KEY_UIApplicationSceneManifest_Generation = YES;
				INFOPLIST_KEY_UIApplicationSupportsIndirectInputEvents = YES;
				INFOPLIST_KEY_UILaunchScreen_Generation = YES;
				INFOPLIST_KEY_UISupportedInterfaceOrientations_iPad = "UIInterfaceOrientationPortrait UIInterfaceOrientationPortraitUpsideDown UIInterfaceOrientationLandscapeLeft UIInterfaceOrientationLandscapeRight";
				INFOPLIST_KEY_UISupportedInterfaceOrientations_iPhone = "UIInterfaceOrientationPortrait UIInterfaceOrientationLandscapeLeft UIInterfaceOrientationLandscapeRight";
				LD_RUNPATH_SEARCH_PATHS = (
					"$(inherited)",
					"@executable_path/Frameworks",
				);
				MARKETING_VERSION = 1.0;
				PRODUCT_BUNDLE_IDENTIFIER = com.derekchan.swiftuidemo;
				PRODUCT_NAME = "$(TARGET_NAME)";
				SWIFT_EMIT_LOC_STRINGS = YES;
				SWIFT_VERSION = 5.0;
				TARGETED_DEVICE_FAMILY = "1,2";
			};
			name = Debug;
		};
		AD445B80278D375600F6BF80 /* Release */ = {
			isa = XCBuildConfiguration;
			buildSettings = {
				ASSETCATALOG_COMPILER_APPICON_NAME = AppIcon;
				ASSETCATALOG_COMPILER_GLOBAL_ACCENT_COLOR_NAME = AccentColor;
				CODE_SIGN_STYLE = Automatic;
				CURRENT_PROJECT_VERSION = 1;
				DEVELOPMENT_ASSET_PATHS = "\"swiftuidemo/Preview Content\"";
				ENABLE_PREVIEWS = YES;
				GENERATE_INFOPLIST_FILE = YES;
				INFOPLIST_KEY_UIApplicationSceneManifest_Generation = YES;
				INFOPLIST_KEY_UIApplicationSupportsIndirectInputEvents = YES;
				INFOPLIST_KEY_UILaunchScreen_Generation = YES;
				INFOPLIST_KEY_UISupportedInterfaceOrientations_iPad = "UIInterfaceOrientationPortrait UIInterfaceOrientationPortraitUpsideDown UIInterfaceOrientationLandscapeLeft UIInterfaceOrientationLandscapeRight";
				INFOPLIST_KEY_UISupportedInterfaceOrientations_iPhone = "UIInterfaceOrientationPortrait UIInterfaceOrientationLandscapeLeft UIInterfaceOrientationLandscapeRight";
				LD_RUNPATH_SEARCH_PATHS = (
					"$(inherited)",
					"@executable_path/Frameworks",
				);
				MARKETING_VERSION = 1.0;
				PRODUCT_BUNDLE_IDENTIFIER = com.derekchan.swiftuidemo;
				PRODUCT_NAME = "$(TARGET_NAME)";
				SWIFT_EMIT_LOC_STRINGS = YES;
				SWIFT_VERSION = 5.0;
				TARGETED_DEVICE_FAMILY = "1,2";
			};
			name = Release;
		};
/* End XCBuildConfiguration section */

/* Begin XCConfigurationList section */
		AD445B6B278D375400F6BF80 /* Build configuration list for PBXProject "swiftuidemo" */ = {
			isa = XCConfigurationList;
			buildConfigurations = (
				AD445B7C278D375600F6BF80 /* Debug */,
				AD445B7D278D375600F6BF80 /* Release */,
			);
			defaultConfigurationIsVisible = 0;
			defaultConfigurationName = Release;
		};
		AD445B7E278D375600F6BF80 /* Build configuration list for PBXNativeTarget "swiftuidemo" */ = {
			isa = XCConfigurationList;
			buildConfigurations = (
				AD445B7F278D375600F6BF80 /* Debug */,
				AD445B80278D375600F6BF80 /* Release */,
			);
			defaultConfigurationIsVisible = 0;
			defaultConfigurationName = Release;
		};
/* End XCConfigurationList section */
	};
	rootObject = AD445B68278D375400F6BF80 /* Project object */;
}
